# This file is generated by running "yarn install" inside your project.
# Manual changes might be lost - proceed with caution!

__metadata:
  version: 4

"@types/json-schema@npm:^7.0.4":
  version: 7.0.4
  resolution: "@types/json-schema@npm:7.0.4"
  checksum: 3/5094037431e4b29d5cc9d6938ea596d1145cc46d305d8d302a477a54d0a7a83ba4629abbf52fcabc3ffdb31cf94647bc366a7bcc544770cbb80212d903018e2b
  languageName: node
  linkType: hard

"@types/node@npm:^13.13.4":
  version: 13.13.4
  resolution: "@types/node@npm:13.13.4"
  checksum: 3/dc52acb5f3d9c8577abdaf682bb85d3731a090b503e1b5abde62ba426f5d556fa655a1255ebb91cfdd36060205631eb7e7d7daf185e6ebab1ff9f6f4a0605170
  languageName: node
  linkType: hard

"@webassemblyjs/ast@npm:1.9.0":
  version: 1.9.0
  resolution: "@webassemblyjs/ast@npm:1.9.0"
  dependencies:
    "@webassemblyjs/helper-module-context": 1.9.0
    "@webassemblyjs/helper-wasm-bytecode": 1.9.0
    "@webassemblyjs/wast-parser": 1.9.0
  checksum: 3/25d93900cc32c2cfa34860b988a534c6671cf789159cc6b918afdf6099f9f2f70710a947501170d9ba0a24f0503fe3b3b45300ec14ec05c9d833c055795133c4
  languageName: node
  linkType: hard

"@webassemblyjs/floating-point-hex-parser@npm:1.9.0":
  version: 1.9.0
  resolution: "@webassemblyjs/floating-point-hex-parser@npm:1.9.0"
  checksum: 3/af9e11a688b0748f2e4119379d64a8f990a0edf1fbf80df612d2fdf3874528f4917ba51c735b324266314b6587b229825eb53eacbc9e9d00ce1d21ebd2a7d9dc
  languageName: node
  linkType: hard

"@webassemblyjs/helper-api-error@npm:1.9.0":
  version: 1.9.0
  resolution: "@webassemblyjs/helper-api-error@npm:1.9.0"
  checksum: 3/ae7b9703ecbd0db50a2e95e23c9a1de2a0ba3d98187f4cd57473df4f2a88f9c3a2e53f98ce3a8ba0d73718a50733843ba0d8f88440d5e4a90704bb831f26a2e0
  languageName: node
  linkType: hard

"@webassemblyjs/helper-buffer@npm:1.9.0":
  version: 1.9.0
  resolution: "@webassemblyjs/helper-buffer@npm:1.9.0"
  checksum: 3/94bcf27ccf4e5cfcdb92f89bb1e80a973656cab5d19e67eb61a8b5c9cf4ce060616e3afc3d900f6cffa2fc9746a4ad7be75fa448c06af4d4103e507584149a78
  languageName: node
  linkType: hard

"@webassemblyjs/helper-code-frame@npm:1.9.0":
  version: 1.9.0
  resolution: "@webassemblyjs/helper-code-frame@npm:1.9.0"
  dependencies:
    "@webassemblyjs/wast-printer": 1.9.0
  checksum: 3/008fc534f21b3b054bd0bd863d3afcb30740d9c8cdc5044481747533bd276729ec196392a78c16f5a5ee8a6d067fd5fbaed16142b2b4097b1c5340451b5a5d1d
  languageName: node
  linkType: hard

"@webassemblyjs/helper-fsm@npm:1.9.0":
  version: 1.9.0
  resolution: "@webassemblyjs/helper-fsm@npm:1.9.0"
  checksum: 3/3181e69c16aad1267fd471283b797e86f5e0b26abfddf1d0d2ddef8a758f486cd2482887ec317ecbb5c421aa1d11dea17a06e92c59ea9bd38513204e6c7b8f3d
  languageName: node
  linkType: hard

"@webassemblyjs/helper-module-context@npm:1.9.0":
  version: 1.9.0
  resolution: "@webassemblyjs/helper-module-context@npm:1.9.0"
  dependencies:
    "@webassemblyjs/ast": 1.9.0
  checksum: 3/9aa715a8d06a17ea92a6ec44322628f9418aa414b888632b5d8092a5125c2b6dcf2c6b80be2b6ad548201aa38e21d390e13c34f2edf7ba3335442739d88b0aef
  languageName: node
  linkType: hard

"@webassemblyjs/helper-wasm-bytecode@npm:1.9.0":
  version: 1.9.0
  resolution: "@webassemblyjs/helper-wasm-bytecode@npm:1.9.0"
  checksum: 3/27ba07f49514d49ccf62a6e7a460941a6794107c9d7ef9685fda8a7373169d6ebdb676071006ce20581abb9f62562fa447473fb0b031e9ef6b2f62fa819be3f1
  languageName: node
  linkType: hard

"@webassemblyjs/helper-wasm-section@npm:1.9.0":
  version: 1.9.0
  resolution: "@webassemblyjs/helper-wasm-section@npm:1.9.0"
  dependencies:
    "@webassemblyjs/ast": 1.9.0
    "@webassemblyjs/helper-buffer": 1.9.0
    "@webassemblyjs/helper-wasm-bytecode": 1.9.0
    "@webassemblyjs/wasm-gen": 1.9.0
  checksum: 3/0e2957efc4001b1e030cf088f41a81b779437bf073272fbb31e3fc36d979dc5dd4137611397a70fa308986597a09cbdcd7806f123a0a809ae1035c40495a59d3
  languageName: node
  linkType: hard

"@webassemblyjs/ieee754@npm:1.9.0":
  version: 1.9.0
  resolution: "@webassemblyjs/ieee754@npm:1.9.0"
  dependencies:
    "@xtuc/ieee754": ^1.2.0
  checksum: 3/1474a87d8686542267b11b8ab0a1a37d3003cd6d4b797b8f96c58e348d483fec4e267ec1e128525e56e9250f90b75a79f1187a6beba2072d568b7a01faf3b8d4
  languageName: node
  linkType: hard

"@webassemblyjs/leb128@npm:1.9.0":
  version: 1.9.0
  resolution: "@webassemblyjs/leb128@npm:1.9.0"
  dependencies:
    "@xtuc/long": 4.2.2
  checksum: 3/af49765d067ca2db5ec6bda360a235b9063756092a6439b8a296cb1ee0ebff778bcd68f686d3c350d1375a3fdb80fd0a91ea9655da5d1ea10ea5d3eae19c1105
  languageName: node
  linkType: hard

"@webassemblyjs/utf8@npm:1.9.0":
  version: 1.9.0
  resolution: "@webassemblyjs/utf8@npm:1.9.0"
  checksum: 3/172fd362aaf6760b826117177ec171ce63b5fabe172f09343b8cd24852f33475f3a596bc1d02088f64a498556a19f98dce00cafe3da3fb8d77367db5326d2d66
  languageName: node
  linkType: hard

"@webassemblyjs/wasm-edit@npm:1.9.0":
  version: 1.9.0
  resolution: "@webassemblyjs/wasm-edit@npm:1.9.0"
  dependencies:
    "@webassemblyjs/ast": 1.9.0
    "@webassemblyjs/helper-buffer": 1.9.0
    "@webassemblyjs/helper-wasm-bytecode": 1.9.0
    "@webassemblyjs/helper-wasm-section": 1.9.0
    "@webassemblyjs/wasm-gen": 1.9.0
    "@webassemblyjs/wasm-opt": 1.9.0
    "@webassemblyjs/wasm-parser": 1.9.0
    "@webassemblyjs/wast-printer": 1.9.0
  checksum: 3/16016c9ef5b69fed1d6a6f21926e6e4a9add41e316efb23f6aeadc6efe2035cfb528720965883ac7861a5584b679a2697416f19db983c8a0c8bd6c7de7a0c6f1
  languageName: node
  linkType: hard

"@webassemblyjs/wasm-gen@npm:1.9.0":
  version: 1.9.0
  resolution: "@webassemblyjs/wasm-gen@npm:1.9.0"
  dependencies:
    "@webassemblyjs/ast": 1.9.0
    "@webassemblyjs/helper-wasm-bytecode": 1.9.0
    "@webassemblyjs/ieee754": 1.9.0
    "@webassemblyjs/leb128": 1.9.0
    "@webassemblyjs/utf8": 1.9.0
  checksum: 3/1afcebfd1272b6f2aac2322b64ced22194d5fe91baf7cbc9fbd4e18a9cf9b1c2d31af5a02a7bf15d5880d598de822accc21d446a94ad0e70d7eb09eeab7de6c6
  languageName: node
  linkType: hard

"@webassemblyjs/wasm-opt@npm:1.9.0":
  version: 1.9.0
  resolution: "@webassemblyjs/wasm-opt@npm:1.9.0"
  dependencies:
    "@webassemblyjs/ast": 1.9.0
    "@webassemblyjs/helper-buffer": 1.9.0
    "@webassemblyjs/wasm-gen": 1.9.0
    "@webassemblyjs/wasm-parser": 1.9.0
  checksum: 3/2ce89f206e40dbfc44ec4a04669b76d14810db70da2506f90a7d5ff45f8002e34d7eaed447c3423cdad76d60617012d1fd0c055b63a5ed863b0068e5ce3e4032
  languageName: node
  linkType: hard

"@webassemblyjs/wasm-parser@npm:1.9.0":
  version: 1.9.0
  resolution: "@webassemblyjs/wasm-parser@npm:1.9.0"
  dependencies:
    "@webassemblyjs/ast": 1.9.0
    "@webassemblyjs/helper-api-error": 1.9.0
    "@webassemblyjs/helper-wasm-bytecode": 1.9.0
    "@webassemblyjs/ieee754": 1.9.0
    "@webassemblyjs/leb128": 1.9.0
    "@webassemblyjs/utf8": 1.9.0
  checksum: 3/b8cb346c9b7d1238d24a418bbc676c5adea7561202580527e3f6a8f74e38de8ba60962d5bda56fa7c1d652d28d787234dfae0b4777e2a8bcaf3e0d539ced8acf
  languageName: node
  linkType: hard

"@webassemblyjs/wast-parser@npm:1.9.0":
  version: 1.9.0
  resolution: "@webassemblyjs/wast-parser@npm:1.9.0"
  dependencies:
    "@webassemblyjs/ast": 1.9.0
    "@webassemblyjs/floating-point-hex-parser": 1.9.0
    "@webassemblyjs/helper-api-error": 1.9.0
    "@webassemblyjs/helper-code-frame": 1.9.0
    "@webassemblyjs/helper-fsm": 1.9.0
    "@xtuc/long": 4.2.2
  checksum: 3/eaa0140a446be6138bbd19ecadf93119381f4cfabe5d7453397f2bd1716e00498666f12944b7da0b472ad1bcc27eca2fd9934785b57cfe97910189f0df59c3f1
  languageName: node
  linkType: hard

"@webassemblyjs/wast-printer@npm:1.9.0":
  version: 1.9.0
  resolution: "@webassemblyjs/wast-printer@npm:1.9.0"
  dependencies:
    "@webassemblyjs/ast": 1.9.0
    "@webassemblyjs/wast-parser": 1.9.0
    "@xtuc/long": 4.2.2
  checksum: 3/9f013b27e28b60cb215011079a15c94d1a7b0784eb3b59ec4936f8c0635ecdb58875c6809485cff814e01df170f02c18676cf782826795dc08553b98e69c1049
  languageName: node
  linkType: hard

"@xtuc/ieee754@npm:^1.2.0":
  version: 1.2.0
  resolution: "@xtuc/ieee754@npm:1.2.0"
  checksum: 3/65bb9c55a054e2d79bf2a8c4ea23a962bd23f654b84532f3555d158d06dedf1603a4131a2f685cad988e582824ef7b8179918e894537be9626ea357f8ea60a63
  languageName: node
  linkType: hard

"@xtuc/long@npm:4.2.2":
  version: 4.2.2
  resolution: "@xtuc/long@npm:4.2.2"
  checksum: 3/ec09a359f98e9f8c47bf6c965e73b520a1a65e93f1febf6472babc8b6b0b425a2084452be103da5be11aec8c502ecfa29400713d55ef774579d04f691db44a2d
  languageName: node
  linkType: hard

"acorn@npm:^7.0.0":
  version: 7.1.1
  resolution: "acorn@npm:7.1.1"
  bin:
    acorn: bin/acorn
  checksum: 3/241b797baf39b876afad81cda3df0c6d73e516a12834d42c7197806642223508c91fd49e6ffec4e40f8e0aa3712587562632cdcfdd48ac8fb5b389154a1c471f
  languageName: node
  linkType: hard

"aggregate-error@npm:^3.0.0":
  version: 3.0.1
  resolution: "aggregate-error@npm:3.0.1"
  dependencies:
    clean-stack: ^2.0.0
    indent-string: ^4.0.0
  checksum: 3/aee96f00c21c9a8c005d949a448e656339235faeec5c050e041ed3d33812fc3478a777ffd6309eb61c17ceb66dd0d2c6220e06e565ec994f536d9a16814e0ebf
  languageName: node
  linkType: hard

"ajv-keywords@npm:^3.4.1":
  version: 3.4.1
  resolution: "ajv-keywords@npm:3.4.1"
  peerDependencies:
    ajv: ^6.9.1
  checksum: 3/ae1e6775a2087591cfb12d2905c264fca9f2128eb7a951be7e56ffd895b2f9670d9ef79c8c536cfb507ce8d651ce265d89cb08896c8808ce74a884a1648de5e1
  languageName: node
  linkType: hard

"ajv@npm:^6.12.0":
  version: 6.12.2
  resolution: "ajv@npm:6.12.2"
  dependencies:
    fast-deep-equal: ^3.1.1
    fast-json-stable-stringify: ^2.0.0
    json-schema-traverse: ^0.4.1
    uri-js: ^4.2.2
  checksum: 3/09f3d7992c4a6e554e65accab279878c2da2a7e3ca782032de51c7c91d80a43a3e2aeb26efb8e8950b3941a89882f21aaca1170dafada784a7a0f275b5e6e745
  languageName: node
  linkType: hard

"aproba@npm:^1.1.1":
  version: 1.2.0
  resolution: "aproba@npm:1.2.0"
  checksum: 3/d4bac3e640af1f35eea8d5ee2b96ce2682549e47289f071aa37ae56066e19d239e43dea170c207d0f71586d7634099089523dd5701f26d4ded7b31dd5848a24a
  languageName: node
  linkType: hard

"balanced-match@npm:^1.0.0":
  version: 1.0.0
  resolution: "balanced-match@npm:1.0.0"
  checksum: 3/f515a605fe1b59f476f7477c5e1d53ad55b4f42982fca1d57b6701906f4ad1f1ac90fd6587d92cc1af2edb43eecf979214dd847ee410a6de9db4ebf0dd128d62
  languageName: node
  linkType: hard

"big.js@npm:^5.2.2":
  version: 5.2.2
  resolution: "big.js@npm:5.2.2"
  checksum: 3/ea33d7d25674df4253ae3667da7f48ade6cc8828cb4f2c3a7753f53975f10cebae57e0d1ecf84f1b920b5467262dc0d4f357e5e497b138472d0e64992a8402a4
  languageName: node
  linkType: hard

"brace-expansion@npm:^1.1.7":
  version: 1.1.11
  resolution: "brace-expansion@npm:1.1.11"
  dependencies:
    balanced-match: ^1.0.0
    concat-map: 0.0.1
  checksum: 3/4c878e25e4858baf801945dfd63eb68feab2e502cf1122f25f3915c0e3bf397af3a93ff6bef0798db41c0d81ef28c08e55daac38058710f749a3b96eee6b8f40
  languageName: node
  linkType: hard

"buffer-from@npm:^1.0.0":
  version: 1.1.1
  resolution: "buffer-from@npm:1.1.1"
  checksum: 3/540ceb79c4f5bfcadaabbc18324fa84c50dc52905084be7c03596a339cf5a88513bee6831ce9b36ddd046fab09257a7c80686e129d0559a0cfd141da196ad956
  languageName: node
  linkType: hard

"cacache@npm:^13.0.1":
  version: 13.0.1
  resolution: "cacache@npm:13.0.1"
  dependencies:
    chownr: ^1.1.2
    figgy-pudding: ^3.5.1
    fs-minipass: ^2.0.0
    glob: ^7.1.4
    graceful-fs: ^4.2.2
    infer-owner: ^1.0.4
    lru-cache: ^5.1.1
    minipass: ^3.0.0
    minipass-collect: ^1.0.2
    minipass-flush: ^1.0.5
    minipass-pipeline: ^1.2.2
    mkdirp: ^0.5.1
    move-concurrently: ^1.0.1
    p-map: ^3.0.0
    promise-inflight: ^1.0.1
    rimraf: ^2.7.1
    ssri: ^7.0.0
    unique-filename: ^1.1.1
  checksum: 3/f1aa76a2f801c7615934a94be9ad729f6747e19fe804868a52f52b042b3a03fe4f9504b0e84949ef8c812f241653fc859848b6d1bf97122d973398e8239a85a4
  languageName: node
  linkType: hard

"chownr@npm:^1.1.2":
  version: 1.1.4
  resolution: "chownr@npm:1.1.4"
  checksum: 3/4a7f1a0b2637450fd15ddb085b10649487ddd1d59a8d9335b1aa5b1e9ad55840a591ab7d7f9b568001cb6777d017334477ab2e32e048788b13a069d011cd5781
  languageName: node
  linkType: hard

"chrome-trace-event@npm:^1.0.2":
  version: 1.0.2
  resolution: "chrome-trace-event@npm:1.0.2"
  dependencies:
    tslib: ^1.9.0
  checksum: 3/926fe23bc92e35c7fb666711c1dc1f342f289a728eb37d23bc4371df7587fe58152569eb57d657e2377f2e56093513939cab5a5a8f3589743938cc0b61527c02
  languageName: node
  linkType: hard

"clean-stack@npm:^2.0.0":
  version: 2.2.0
  resolution: "clean-stack@npm:2.2.0"
  checksum: 3/e291ce2b8c8c59e6449ac9a7a726090264bea6696e5343b21385e16d279c808ca09d73a1abea8fd23a9b7699e6ef5ce582df203511f71c8c27666bf3b2e300c5
  languageName: node
  linkType: hard

"commander@npm:^2.20.0":
  version: 2.20.3
  resolution: "commander@npm:2.20.3"
  checksum: 3/b73428e97de7624323f81ba13f8ed9271de487017432d18b4da3f07cfc528ad754bbd199004bd5d14e0ccd67d1fdfe0ec8dbbd4c438b401df3c4cc387bfd1daa
  languageName: node
  linkType: hard

"commondir@npm:^1.0.1":
  version: 1.0.1
  resolution: "commondir@npm:1.0.1"
  checksum: 3/98f18ad14f0ea38e0866db365bc8496f2a74250cf47ec96b94913e1b0574c99b4ff837a9f05dbc68d82505fd06b52dfba4f6bbe6fbda43094296cfaf33b475a0
  languageName: node
  linkType: hard

"concat-map@npm:0.0.1":
  version: 0.0.1
  resolution: "concat-map@npm:0.0.1"
  checksum: 3/554e28d9ee5aa6e061795473ee092cb3d3a2cbdb76c35416e0bb6e03f136d7d07676da387b2ed0ec4106cedbb6534080d9abc48ecc4a92b76406cf2d0c3c0c4b
  languageName: node
  linkType: hard

"copy-concurrently@npm:^1.0.0":
  version: 1.0.5
  resolution: "copy-concurrently@npm:1.0.5"
  dependencies:
    aproba: ^1.1.1
    fs-write-stream-atomic: ^1.0.8
    iferr: ^0.1.5
    mkdirp: ^0.5.1
    rimraf: ^2.5.4
    run-queue: ^1.0.0
  checksum: 3/62ad9de2dcca3da3fdedf8ffd8c72dacafddc64e0299c61a53c55e3fc8c789d55bc6ca73b399576c52d25ba42c64f4b82f8ba8089ebf932f6f84e0aa8bd7c71e
  languageName: node
  linkType: hard

"core-util-is@npm:~1.0.0":
  version: 1.0.2
  resolution: "core-util-is@npm:1.0.2"
  checksum: 3/089015ee3c462dfceba70faa1df83b42a7bb35db26dae6af283247b06fe3216c65fccd9f00eebcaf98300dc31e981d56aae9f90b624f8f6ff1153e235ff88b65
  languageName: node
  linkType: hard

"emojis-list@npm:^3.0.0":
  version: 3.0.0
  resolution: "emojis-list@npm:3.0.0"
  checksum: 3/a79126b55bc86ee8fd938235a6adf9d457c05fb5bb934e8608b7d35c878d9d1e312a67759244f5c3fba0810b508eb5617e5e6ad6886496ebcfa6832d1c8de3c4
  languageName: node
  linkType: hard

"enhanced-resolve@npm:5.0.0-beta.4":
  version: 5.0.0-beta.4
  resolution: "enhanced-resolve@npm:5.0.0-beta.4"
  dependencies:
    graceful-fs: ^4.2.0
    tapable: ^2.0.0-beta.8
  checksum: 3/1d81e38533169e7143a36b428350aa0e6355a582249cdf470d19a819341e151c65edb8ea77d658a6eaf3b8340ba107fbe8c9615987a2f6606a2e5cec36350886
  languageName: node
  linkType: hard

"eslint-scope@npm:^5.0.0":
  version: 5.0.0
  resolution: "eslint-scope@npm:5.0.0"
  dependencies:
    esrecurse: ^4.1.0
    estraverse: ^4.1.1
  checksum: 3/296e85c180bc81b7c0f500f1aae68e92529059f4a13af3e4b7fe66be8469ada7fd1fb409a06a744853a8b7116a5af34620cae70f0255f0dd1bf5e764a342c67e
  languageName: node
  linkType: hard

"esrecurse@npm:^4.1.0":
  version: 4.2.1
  resolution: "esrecurse@npm:4.2.1"
  dependencies:
    estraverse: ^4.1.0
  checksum: 3/9acfa287729037ccb63ee725df2214b313fe1296a91f58fe42b151e1af0d51558ac18486e53f5717477ad9306f7a79d4e20fc7f8bac486d3175f86ab2dc67f73
  languageName: node
  linkType: hard

"estraverse@npm:^4.1.0, estraverse@npm:^4.1.1":
  version: 4.3.0
  resolution: "estraverse@npm:4.3.0"
  checksum: 3/1e4c627da9e9af07bf7b2817320f606841808fb2ec0cbd81097b30d5f90d8613288b3e523153babe04615d59b54ef876d98f0ca27488b6c0934dacd725a8d338
  languageName: node
  linkType: hard

"events@npm:^3.0.0":
  version: 3.1.0
  resolution: "events@npm:3.1.0"
  checksum: 3/b25256e5cb2238e1cf940e81b72ec8b3793e817a8b8ef44031971908a418e1f29ccff0c3ddc0cb5c792f98314a127d4fc9d3670a3e9a681656c28ff1558d8569
  languageName: node
  linkType: hard

"fast-deep-equal@npm:^3.1.1":
  version: 3.1.1
  resolution: "fast-deep-equal@npm:3.1.1"
  checksum: 3/38fe57c5ea7dbb42cf84f5d94166358b930beb49345619205ff16c4a0c896f8679a444f0fbd0f352a633f2ea800673173e2a150d81d3d85933d714d24498c688
  languageName: node
  linkType: hard

"fast-json-stable-stringify@npm:^2.0.0":
  version: 2.1.0
  resolution: "fast-json-stable-stringify@npm:2.1.0"
  checksum: 3/7df3fabfe445d65953b2d9d9d3958bd895438b215a40fb87dae8b2165c5169a897785eb5d51e6cf0eb03523af756e3d82ea01083f6ac6341fe16db532fee3016
  languageName: node
  linkType: hard

"figgy-pudding@npm:^3.5.1":
  version: 3.5.2
  resolution: "figgy-pudding@npm:3.5.2"
  checksum: 3/737645f602631734ad53b7445128e255939f809565350b376b3b8fad7673f37c82525a16463f176643ff4b989bb79ed0ecc18111a364ead1082a74c99195a6ca
  languageName: node
  linkType: hard

"find-cache-dir@npm:^3.3.1":
  version: 3.3.1
  resolution: "find-cache-dir@npm:3.3.1"
  dependencies:
    commondir: ^1.0.1
    make-dir: ^3.0.2
    pkg-dir: ^4.1.0
  checksum: 3/b1e23226ee89fba89646aa5f72d084c6d04bb64f6d523c9cb2d57a1b5280fcac39e92fd5be572e2fae8a83aa70bc5b797ce33a826b9a4b92373cc38e66d4aa64
  languageName: node
  linkType: hard

"find-up@npm:^4.0.0":
  version: 4.1.0
  resolution: "find-up@npm:4.1.0"
  dependencies:
    locate-path: ^5.0.0
    path-exists: ^4.0.0
  checksum: 3/d612d28e02eaca6cd7128fc9bc9b456e2547a3f9875b2b2ae2dbdc6b8cec52bc2885efcb3ac6c18954e838f4c8e20565d196784b190e1d38565f9dc39aade722
  languageName: node
  linkType: hard

"fs-minipass@npm:^2.0.0":
  version: 2.1.0
  resolution: "fs-minipass@npm:2.1.0"
  dependencies:
    minipass: ^3.0.0
  checksum: 3/e14a490658621cf1f7d8cbf9e92a9cc4dc7ce050418e4817e877e4531c438223db79f7a1774668087428d665a3de95f87014ce36c8afdc841fea42bcb782abcb
  languageName: node
  linkType: hard

"fs-write-stream-atomic@npm:^1.0.8":
  version: 1.0.10
  resolution: "fs-write-stream-atomic@npm:1.0.10"
  dependencies:
    graceful-fs: ^4.1.2
    iferr: ^0.1.5
    imurmurhash: ^0.1.4
    readable-stream: 1 || 2
  checksum: 3/1e35e18bdd0215587ed74fa68fd2e96240ecbc91213cdb3c2e3cad49a99767b224507261757658a034c22223a20ec6179a14a4fe7c28631e2547c4fde3b42fa2
  languageName: node
  linkType: hard

"fs.realpath@npm:^1.0.0":
  version: 1.0.0
  resolution: "fs.realpath@npm:1.0.0"
  checksum: 3/698a91b1695e3926185c9e5b0dd57cf687dceb4eb73799af91e6b2ab741735e2962c366c5af6403ffddae2619914193bd339efa706fdc984d0ffc74b7a3603f4
  languageName: node
  linkType: hard

"glob-to-regexp@npm:^0.4.1":
  version: 0.4.1
  resolution: "glob-to-regexp@npm:0.4.1"
  checksum: 3/6093c15d9f92d010998dd7cc7a5ba4e74eea83878d3f8c2616c6935dab9a79bf31ca7ddc214604b84a87c65b9e51481221e325be68f5fe6db8ed27dc76a5230f
  languageName: node
  linkType: hard

"glob@npm:^7.1.3, glob@npm:^7.1.4":
  version: 7.1.6
  resolution: "glob@npm:7.1.6"
  dependencies:
    fs.realpath: ^1.0.0
    inflight: ^1.0.4
    inherits: 2
    minimatch: ^3.0.4
    once: ^1.3.0
    path-is-absolute: ^1.0.0
  checksum: 3/789977b52432865bd63846da5c75a6efc2c56abdc0cb5ffcdb8e91eeb67a58fa5594c1195d18b2b4aff99675b0739ed6bd61024b26562e0cca18c8f993efdc82
  languageName: node
  linkType: hard

"graceful-fs@npm:^4.1.15, graceful-fs@npm:^4.1.2, graceful-fs@npm:^4.2.0, graceful-fs@npm:^4.2.2":
  version: 4.2.4
  resolution: "graceful-fs@npm:4.2.4"
  checksum: 3/d095ee4dc6eacc76814cd52d5d185b860119378a6fd4888e7d4e94983095c54d4f6369942a5e3d759cdbdd4e3ee7eaeb27a39ff938c6ee4610894fd9de46b6cb
  languageName: node
  linkType: hard

"has-flag@npm:^4.0.0":
  version: 4.0.0
  resolution: "has-flag@npm:4.0.0"
  checksum: 3/2e5391139d3d287231ccb58659702392f6e3abeac3296fb4721afaff46493f3d9b99a9329ae015dfe973aa206ed5c75f43e86aec0267dce79aa5c2b6e811b3ad
  languageName: node
  linkType: hard

"iferr@npm:^0.1.5":
  version: 0.1.5
  resolution: "iferr@npm:0.1.5"
  checksum: 3/9d366dcc6356bfc0156ba7b86c7ef1a8ede7533fc7b100b4700de618774f1b48aa60185a2193f8260870b9168daa38aee5b11d38c92f5100af8ccdf22b5c2717
  languageName: node
  linkType: hard

"imurmurhash@npm:^0.1.4":
  version: 0.1.4
  resolution: "imurmurhash@npm:0.1.4"
  checksum: 3/34d414d789286f6ef4d2b954c76c7df40dd7cabffef9b9959c8bd148677e98151f4fa5344aae2e3ad2b62308555ccbba3022e535a3e24288c9babb1308e35532
  languageName: node
  linkType: hard

"indent-string@npm:^4.0.0":
  version: 4.0.0
  resolution: "indent-string@npm:4.0.0"
  checksum: 3/3e54996c6e15ca00a7a4403be705bce4fb3bb4ac637da2e1473006e42a651863f53bfb8c3438c1b3aac77817768ac0cde0e7b7a81a6cf24a1286227a06510dbf
  languageName: node
  linkType: hard

"infer-owner@npm:^1.0.4":
  version: 1.0.4
  resolution: "infer-owner@npm:1.0.4"
  checksum: 3/56aa1d87b05936947765b1d9ace5f8d7ccd8cf6ccc1d69b67e8eaaee0e1ee2960d5accd51deb50d884665a5a1af3bcbb80f5d249c01a00280365bba59db9687b
  languageName: node
  linkType: hard

"inflight@npm:^1.0.4":
  version: 1.0.6
  resolution: "inflight@npm:1.0.6"
  dependencies:
    once: ^1.3.0
    wrappy: 1
  checksum: 3/17c53fc42cbe7f7f471d2bc41b97a0cde4b79a74d5ff59997d3f75210566fa278e17596da526d43de2bd07e222706240ce50e60097e54f2cde2e64cbbb372638
  languageName: node
  linkType: hard

"inherits@npm:2, inherits@npm:~2.0.3":
  version: 2.0.4
  resolution: "inherits@npm:2.0.4"
  checksum: 3/98426da247ddfc3dcd7d7daedd90c3ca32d5b08deca08949726f12d49232aef94772a07b36cf4ff833e105ae2ef931777f6de4a6dd8245a216b9299ad4a50bea
  languageName: node
  linkType: hard

"isarray@npm:~1.0.0":
  version: 1.0.0
  resolution: "isarray@npm:1.0.0"
  checksum: 3/b0ff31a290e783f7b3fb73f2951ee7fc2946dc197b05f73577dc77f87dc3be2e0f66007bedf069123d4e5c4b691e7c89a241f6ca06f0c0f4765cdac5aa4b4047
  languageName: node
  linkType: hard

"jest-worker@npm:^25.4.0":
  version: 25.5.0
  resolution: "jest-worker@npm:25.5.0"
  dependencies:
    merge-stream: ^2.0.0
    supports-color: ^7.0.0
  checksum: 3/20ae005c58f9db5be0f9bced0df6aeca340c64e7e0c7c27264b5f5964c94013e98ccd678df935d629889136ce45594d230e547624ccce73de581a05d4a8e6315
  languageName: node
  linkType: hard

"json-parse-better-errors@npm:^1.0.2":
  version: 1.0.2
  resolution: "json-parse-better-errors@npm:1.0.2"
  checksum: 3/b4c4f0e43b43892af887db742b26f9aa6302b09cd5f6e655ead49fca9f47f3cdd300dcf98cf5218778262be51d7b29859221206fc98b87a1a61c5af7618dae89
  languageName: node
  linkType: hard

"json-schema-traverse@npm:^0.4.1":
  version: 0.4.1
  resolution: "json-schema-traverse@npm:0.4.1"
  checksum: 3/6f71bddba38aa043cf9c05ff9cf37158a6657909f1dd37032ba164b76923da47a17bb4592ee4f7f9c029dfaf26965b821ac214c1f991bb3bd038c9cfea2da50b
  languageName: node
  linkType: hard

"json5@npm:^1.0.1":
  version: 1.0.1
  resolution: "json5@npm:1.0.1"
  dependencies:
    minimist: ^1.2.0
  bin:
    json5: lib/cli.js
  checksum: 3/df41624f9f40bfacc546f779eef6d161a3312fbb6ec1dbd69f8c4388e9807af653b753371ab19b6d2bab22af2ca7dde62fe03c791596acf76915e1fc4ee6fd88
  languageName: node
  linkType: hard

"loader-runner@npm:^3.1.0":
  version: 3.1.0
  resolution: "loader-runner@npm:3.1.0"
  checksum: 3/5686ef8c174c0e7cf6da09c357e0da5653984e0e23dc375968a17f3b1a873f1d62eae8c016f29c8905d802e6bc7313ef22a74c8bb6a61edd75f65af15d05e38e
  languageName: node
  linkType: hard

"loader-utils@npm:^1.2.3":
  version: 1.4.0
  resolution: "loader-utils@npm:1.4.0"
  dependencies:
    big.js: ^5.2.2
    emojis-list: ^3.0.0
    json5: ^1.0.1
  checksum: 3/9fd690e57ad78d32ff2942383b4a7a175eba575280ba5aca3b4d03183fec34aa0db314f49bd3301adf7e60b02471644161bf53149e8f2d18fd6a52627e95a927
  languageName: node
  linkType: hard

"locate-path@npm:^5.0.0":
  version: 5.0.0
  resolution: "locate-path@npm:5.0.0"
  dependencies:
    p-locate: ^4.1.0
  checksum: 3/c58f49d45c8672d0a290dea0ce41fcb27205b3f2d61452ba335ef3b42ad36c10c31b1f061b46d96dd4b81e9a00e8a2897bc124d75623b80a9f6d36b1e754a6b5
  languageName: node
  linkType: hard

"lru-cache@npm:^5.1.1":
  version: 5.1.1
  resolution: "lru-cache@npm:5.1.1"
  dependencies:
    yallist: ^3.0.2
  checksum: 3/ffd9a280fa3400e731265db502270c2a65432f3fbfac23d480c72f675ec16dbbeddd57d4baf7aca70ab7af49949fad1bcaaf5a5e6e1cfed7316de71bb5dddf1c
  languageName: node
  linkType: hard

"make-dir@npm:^3.0.2":
  version: 3.1.0
  resolution: "make-dir@npm:3.1.0"
  dependencies:
    semver: ^6.0.0
  checksum: 3/54b6f186c209c1b133d0d1710e6b04c41ebfcb0dac699e5a369ea1223f22c0574ef820b91db37cae6c245f5bda8aff9bfec94f6c23e7d75970446b34a58a79b0
  languageName: node
  linkType: hard

"merge-stream@npm:^2.0.0":
  version: 2.0.0
  resolution: "merge-stream@npm:2.0.0"
  checksum: 3/cde834809a0e65485e474de3162af9853ab2a07977fd36d328947b7b3e6207df719ffb115b11085ecc570501e15a2aa8bacd772ac53f77873f53b0626e52a39a
  languageName: node
  linkType: hard

"mime-db@npm:1.44.0":
  version: 1.44.0
  resolution: "mime-db@npm:1.44.0"
  checksum: 3/b4e3b2141418572fba9786f7e36324faef15e23032ad0871f56760cb304ee721ba4c8cc795d3c1cac69a2a8b94045c1d6b08c4a8d1ef6ba1226a3a5193915c57
  languageName: node
  linkType: hard

"mime-types@npm:^2.1.26":
  version: 2.1.27
  resolution: "mime-types@npm:2.1.27"
  dependencies:
    mime-db: 1.44.0
  checksum: 3/51fe2f2c08c10ac7a2f67e2ce5de30f6500faa88d095418a1ab6e90e30960db7c682a8ecce60d3d4e293ac52c4700ca99399833db998ea9ec83d6f0503b70a94
  languageName: node
  linkType: hard

"minimatch@npm:^3.0.4":
  version: 3.0.4
  resolution: "minimatch@npm:3.0.4"
  dependencies:
    brace-expansion: ^1.1.7
  checksum: 3/47eab9263962cacd5733e274ecad2d8e54b0f8e124ba35ae69189e296058f634a4967b87a98954f86fa5c830ff177caf827ce0136d28717ed3232951fb4fae62
  languageName: node
  linkType: hard

"minimist@npm:^1.2.0, minimist@npm:^1.2.5":
  version: 1.2.5
  resolution: "minimist@npm:1.2.5"
  checksum: 3/b77b8590147a4e217ff34266236bc39de23b52e6e33054076991ff674c7397a1380a7bde11111916f16f003a94aaa7e4f3d92595a32189644ff607fabc65a5b6
  languageName: node
  linkType: hard

"minipass-collect@npm:^1.0.2":
  version: 1.0.2
  resolution: "minipass-collect@npm:1.0.2"
  dependencies:
    minipass: ^3.0.0
  checksum: 3/529ef6212333e6b9afc6aa4487a246df6fd28a28e42060533491ebf58fddb349f9b044f017725bddf3e13cae3986c58c24ee2531832f62e6d97379846e04e0a8
  languageName: node
  linkType: hard

"minipass-flush@npm:^1.0.5":
  version: 1.0.5
  resolution: "minipass-flush@npm:1.0.5"
  dependencies:
    minipass: ^3.0.0
  checksum: 3/d354ca0da834e3e79a1f0372d1cb86ba043a96b495624ed6360f7cd1f549e5685d9b292d4193a963497efcf4a4db8563e188cda565b119b8acc00852259e286c
  languageName: node
  linkType: hard

"minipass-pipeline@npm:^1.2.2":
  version: 1.2.2
  resolution: "minipass-pipeline@npm:1.2.2"
  dependencies:
    minipass: ^3.0.0
  checksum: 3/f22fccba211a0c8f89dfab03df403fbf6cbcbf25caf11c8609d7f795652ad807a2706225c70bb52d0fb6b418b5b9b4ff65545aa2a6f86498c4f57d90592f9915
  languageName: node
  linkType: hard

"minipass@npm:^3.0.0, minipass@npm:^3.1.1":
  version: 3.1.1
  resolution: "minipass@npm:3.1.1"
  dependencies:
    yallist: ^4.0.0
  checksum: 3/8c8d7a768d516048e6d24236cb9130377a644b2a0bdca8632e1c31db6ecea41902218ed6a9e5aae23d39e4c1ec0f447a89a62c179523bb0a8194d1f3363f2978
  languageName: node
  linkType: hard

"mkdirp@npm:^0.5.1":
  version: 0.5.5
  resolution: "mkdirp@npm:0.5.5"
  dependencies:
    minimist: ^1.2.5
  bin:
    mkdirp: bin/cmd.js
  checksum: 3/9dd9792e891927b14ca02226dbe1daeb717b9517a001620d5e2658bbc72c5e4f06887b6cbcbb60595fa5a56e701073cf250f1ed69c1988a6b89faf9fd6a4d049
  languageName: node
  linkType: hard

"move-concurrently@npm:^1.0.1":
  version: 1.0.1
  resolution: "move-concurrently@npm:1.0.1"
  dependencies:
    aproba: ^1.1.1
    copy-concurrently: ^1.0.0
    fs-write-stream-atomic: ^1.0.8
    mkdirp: ^0.5.1
    rimraf: ^2.5.4
    run-queue: ^1.0.3
  checksum: 3/0761308ddbaf75291fff3ca26c0297a781d545e76aa34b7c985780d251f75e422433947dc9091d464ca7febef86fe6ecaa60746eb7076adac4a0c620b83540f5
  languageName: node
  linkType: hard

"neo-async@npm:^2.6.1":
  version: 2.6.1
  resolution: "neo-async@npm:2.6.1"
  checksum: 3/b359ccaa5cc3eea9c49605b830382e2ec7661f1746b7210dc1f997645a40f9daf3084328151ecb21800e0e78d891dbf8d46f70c3cb5e8c5dab8a909b5597f9a1
  languageName: node
  linkType: hard

"once@npm:^1.3.0":
  version: 1.4.0
  resolution: "once@npm:1.4.0"
  dependencies:
    wrappy: 1
  checksum: 3/57afc246536cf6494437f982b26475f22bee860f8b77ce8eb1543f42a8bffe04b2c66ddfea9a16cb25ccb80943f8ee4fc639367ef97b7a6a4f2672eb573963f5
  languageName: node
  linkType: hard

"p-limit@npm:^2.2.0, p-limit@npm:^2.3.0":
  version: 2.3.0
  resolution: "p-limit@npm:2.3.0"
  dependencies:
    p-try: ^2.0.0
  checksum: 3/5f20492a25c5f93fca2930dbbf41fa1bee46ef70eaa6b49ad1f7b963f309e599bc40507e0a3a531eee4bcd10fec4dd4a63291d0e3b2d84ac97d7403d43d271a9
  languageName: node
  linkType: hard

"p-locate@npm:^4.1.0":
  version: 4.1.0
  resolution: "p-locate@npm:4.1.0"
  dependencies:
    p-limit: ^2.2.0
  checksum: 3/57f9abef0b29f02ff88c0936a392c9a1fbdd08169e636e0d85b7407c108014d71578c0c6fe93fa49b5bf3857b20d6f16b96389e2b356f7f599d4d2150505844f
  languageName: node
  linkType: hard

"p-map@npm:^3.0.0":
  version: 3.0.0
  resolution: "p-map@npm:3.0.0"
  dependencies:
    aggregate-error: ^3.0.0
  checksum: 3/f7ce4709f432323a11f7c808f96add4104774cb7ba88cc9a92b6b5b8ea8a7fa977d28c4e5619669f9cf1315e889769843c6a4772155b08dadbd20d504e4ce2a7
  languageName: node
  linkType: hard

"p-try@npm:^2.0.0":
  version: 2.2.0
  resolution: "p-try@npm:2.2.0"
  checksum: 3/20983f3765466c1ab617ed153cb53b70ac5df828d854a3334d185e20b37f436e9096f12bc1b7fc96d8908dc927a3685172d3d89e755774f57b7103460c54dcc5
  languageName: node
  linkType: hard

"package1@workspace:packages/package-1":
  version: 0.0.0-use.local
  resolution: "package1@workspace:packages/package-1"
  dependencies:
    "@types/node": ^13.13.4
    webpack: next
  languageName: unknown
  linkType: soft

"path-exists@npm:^4.0.0":
  version: 4.0.0
  resolution: "path-exists@npm:4.0.0"
  checksum: 3/6ab15000c5bea4f3e6e6b651983276e27ee42907ea29f5bd68f0d5c425c22f1664ab53c355099723f59b0bfd31aa52d29ea499e1843bf62543e045698f4c77b2
  languageName: node
  linkType: hard

"path-is-absolute@npm:^1.0.0":
  version: 1.0.1
  resolution: "path-is-absolute@npm:1.0.1"
  checksum: 3/907e1e3e6ac0aef6e65adffd75b3892191d76a5b94c5cf26b43667c4240531d11872ca6979c209b2e5e1609f7f579d02f64ba9936b48bb59d36cc529f0d965ed
  languageName: node
  linkType: hard

"pkg-dir@npm:^4.1.0, pkg-dir@npm:^4.2.0":
  version: 4.2.0
  resolution: "pkg-dir@npm:4.2.0"
  dependencies:
    find-up: ^4.0.0
  checksum: 3/1956ebf3cf5cc36a5d20e93851fcadd5a786774eb08667078561e72e0ab8ace91fc36a028d5305f0bfe7c89f9bf51886e2a3c8cb2c2620accfa3feb8da3c256b
  languageName: node
  linkType: hard

"process-nextick-args@npm:~2.0.0":
  version: 2.0.1
  resolution: "process-nextick-args@npm:2.0.1"
  checksum: 3/ddeb0f07d0d5efa649c2c5e39d1afd0e3668df2b392d036c8a508b0034f7beffbc474b3c2f7fd3fed2dc4113cef8f1f7e00d05690df3c611b36f6c7efd7852d1
  languageName: node
  linkType: hard

"promise-inflight@npm:^1.0.1":
  version: 1.0.1
  resolution: "promise-inflight@npm:1.0.1"
  checksum: 3/c06bce0fc60b1c7979f291e489b9017db9c15f872d5cef0dfbb2b56694e9db574bc5c28f332a7033cdbd3a1d6417c5a1ee03889743638f0241e82e5a6b9c277f
  languageName: node
  linkType: hard

"punycode@npm:^2.1.0":
  version: 2.1.1
  resolution: "punycode@npm:2.1.1"
  checksum: 3/0202dc191cb35bfd88870ac99a1e824b03486d4cee20b543ef337a6dee8d8b11017da32a3e4c40b69b19976e982c030b62bd72bba42884acb691bc5ef91354c8
  languageName: node
  linkType: hard

"readable-stream@npm:1 || 2":
  version: 2.3.7
  resolution: "readable-stream@npm:2.3.7"
  dependencies:
    core-util-is: ~1.0.0
    inherits: ~2.0.3
    isarray: ~1.0.0
    process-nextick-args: ~2.0.0
    safe-buffer: ~5.1.1
    string_decoder: ~1.1.1
    util-deprecate: ~1.0.1
  checksum: 3/6e3826560627a751feb3a8aec073ef94c6e47b8c8e06eb5d136323b5f09db9d2077c23a42a8d54ed0123695af54b36c1e4271a8ec55112b15f4b89020d8dec72
  languageName: node
  linkType: hard

"rimraf@npm:^2.5.4, rimraf@npm:^2.7.1":
  version: 2.7.1
  resolution: "rimraf@npm:2.7.1"
  dependencies:
    glob: ^7.1.3
  bin:
    rimraf: ./bin.js
  checksum: 3/059efac2838ef917d4d1da1d80e724ad28c120cdf14ca6ed27ca72db2dc70be3e25421cba5947c6ec3d804c1d2bb9a247254653816ee0722bf943ffdd1ae19ef
  languageName: node
  linkType: hard

"root-workspace-0b6124@workspace:.":
  version: 0.0.0-use.local
  resolution: "root-workspace-0b6124@workspace:."
  dependencies:
    typescript: ^3.8.3
  languageName: unknown
  linkType: soft

"run-queue@npm:^1.0.0, run-queue@npm:^1.0.3":
  version: 1.0.3
  resolution: "run-queue@npm:1.0.3"
  dependencies:
    aproba: ^1.1.1
  checksum: 3/ffc37a7b55630b3d878c77be5125ba71c4f38345bf9ee83f2a122d546cc3fc74985f8e639d926fcfb33f475bf4a0ae122791bd8dd24bce5355eed0968420ba34
  languageName: node
  linkType: hard

"safe-buffer@npm:~5.1.0, safe-buffer@npm:~5.1.1":
  version: 5.1.2
  resolution: "safe-buffer@npm:5.1.2"
  checksum: 3/2708587c1b5e70a5e420714ceb59f30f5791c6e831d39812125a008eca63a4ac18578abd020a0776ea497ff03b4543f2b2a223a7b9073bf2d6c7af9ec6829218
  languageName: node
  linkType: hard

"schema-utils@npm:^2.5.0, schema-utils@npm:^2.6.6":
  version: 2.6.6
  resolution: "schema-utils@npm:2.6.6"
  dependencies:
    "@types/json-schema": ^7.0.4
    ajv: ^6.12.0
    ajv-keywords: ^3.4.1
  checksum: 3/78ae62749e3a4a945de51ca47d22047e8959a96b1797af4abb2dfe3c10a7e5c12f877480a183e97158a8590bfde045a65af571fa68737721a975392e5606499c
  languageName: node
  linkType: hard

"semver@npm:^6.0.0":
  version: 6.3.0
  resolution: "semver@npm:6.3.0"
  bin:
    semver: ./bin/semver.js
  checksum: 3/f0d155c06a67cc7e500c92d929339f1c6efd4ce9fe398aee6acc00a2333489cca0f5b4e76ee7292beba237fcca4b5a3d4a6153471f105f56299801bdab37289f
  languageName: node
  linkType: hard

"serialize-javascript@npm:^3.0.0":
  version: 3.0.0
  resolution: "serialize-javascript@npm:3.0.0"
  checksum: 3/8a6f5d8a6c5ee18400ccf6e7faef206c9dd424ca3fa4ebc787289e19d0eb8c9e1d8afd4f12861017183738a0279339e3e36b84d5161d394154210f8e0f42a8e6
  languageName: node
  linkType: hard

"source-list-map@npm:^2.0.0, source-list-map@npm:^2.0.1":
  version: 2.0.1
  resolution: "source-list-map@npm:2.0.1"
  checksum: 3/d8d45f29987d00d995ccda308dcc78b710031a9958fdb5d26674d32220c952eb7a8562062638d91896628ae4eef30e1cd112a6a547563dfda0b013024c2a9bf7
  languageName: node
  linkType: hard

"source-map-support@npm:~0.5.12":
  version: 0.5.19
  resolution: "source-map-support@npm:0.5.19"
  dependencies:
    buffer-from: ^1.0.0
    source-map: ^0.6.0
  checksum: 3/59d4efaae97755155b078413ecba63517e3ef054cc7ab767bbd30e6f3054be2ae8e8f5cce7eef53b7eb93e98fe27a58dd8f5e7abfb13144ba420ddaf5267bbb2
  languageName: node
  linkType: hard

"source-map@npm:^0.6.0, source-map@npm:^0.6.1, source-map@npm:~0.6.1":
  version: 0.6.1
  resolution: "source-map@npm:0.6.1"
  checksum: 3/8647829a0611724114022be455ca1c8a2c8ae61df81c5b3667d9b398207226a1e21174fb7bbf0b4dbeb27ac358222afb5a14f1c74a62a62b8883b012e5eb1270
  languageName: node
  linkType: hard

"ssri@npm:^7.0.0":
  version: 7.1.0
  resolution: "ssri@npm:7.1.0"
  dependencies:
    figgy-pudding: ^3.5.1
    minipass: ^3.1.1
  checksum: 3/99506ae2e3371727892120e84a36ad11fd257bdd6e2c8adee942e96427f4cdf386802ed11787df2d22f2910afe8ec1919f804be0966ada353efde480dfd8c6a3
  languageName: node
  linkType: hard

"string_decoder@npm:~1.1.1":
  version: 1.1.1
  resolution: "string_decoder@npm:1.1.1"
  dependencies:
    safe-buffer: ~5.1.0
  checksum: 3/bc2dc169d83df1b9e94defe7716bcad8a19ffe8211b029581cb0c6f9e83a6a7ba9ec3be38d179708a8643c692868a2b8b004ab159555dc26089ad3fa7b2158f5
  languageName: node
  linkType: hard

"supports-color@npm:^7.0.0":
  version: 7.1.0
  resolution: "supports-color@npm:7.1.0"
  dependencies:
    has-flag: ^4.0.0
  checksum: 3/6130f36b2a71f73014a6ef306bbaa5415d8daa5c0294082762a0505e4fb6800b8a9d037b60ed54f0c69cdfc37860034047d6004481c21f22dd43151b5e9334f0
  languageName: node
  linkType: hard

"tapable@npm:2.0.0-beta.9, tapable@npm:^2.0.0-beta.8":
  version: 2.0.0-beta.9
  resolution: "tapable@npm:2.0.0-beta.9"
  checksum: 3/6c2854afe2dc751ff4689cce34d2eadaed533e74f9be9da731aa7b942e856fb379e3ee5396287e9709fe2c862dccc4c9127134280543a69fe7f17bac37e88a29
  languageName: node
  linkType: hard

"terser-webpack-plugin@npm:^2.3.1":
  version: 2.3.6
  resolution: "terser-webpack-plugin@npm:2.3.6"
  dependencies:
    cacache: ^13.0.1
    find-cache-dir: ^3.3.1
    jest-worker: ^25.4.0
    p-limit: ^2.3.0
    schema-utils: ^2.6.6
    serialize-javascript: ^3.0.0
    source-map: ^0.6.1
    terser: ^4.6.12
    webpack-sources: ^1.4.3
  peerDependencies:
    webpack: ^4.0.0 || ^5.0.0
  checksum: 3/567eccab30fb3f99c05a48d3a911b895305920317d6df37bcfbf71beb3e3cfc4053bb7b61426375d4c1dba155d9227e8c295f89cbe8dbed244558b30769e7262
  languageName: node
  linkType: hard

"terser@npm:^4.6.12":
  version: 4.6.13
  resolution: "terser@npm:4.6.13"
  dependencies:
    commander: ^2.20.0
    source-map: ~0.6.1
    source-map-support: ~0.5.12
  bin:
    terser: bin/terser
  checksum: 3/dbb9ff02c2b11341e1525dcffec7a80a25737a64c17719b4ae00aee7585d2742f450692dfec8ee13f0f0ff58136a70fbe280d0a3cb50e14ad92204e9ac65e879
  languageName: node
  linkType: hard

"tslib@npm:^1.9.0":
  version: 1.11.1
  resolution: "tslib@npm:1.11.1"
  checksum: 3/d40eba08de267b2d3c458ddbf51f9010a45b8e752d3bf8c0fed63e266afc9277c6a26e65e51223335b8753f9f106aeb600e704f2a6eae05729160671a97c52e7
  languageName: node
  linkType: hard

typescript@^3.8.3:
  version: 3.8.3
  resolution: "typescript@npm:3.8.3"
  bin:
    tsc: bin/tsc
    tsserver: bin/tsserver
  checksum: 3/519b11576247fe3570d89a2aa757d8f666aafc0cb9465a6cdd4df09c1dc6bf7285f0c6008d2ac7a55ea26457e767aaab819f58439d80af2cce1d9805b2be1034
  languageName: node
  linkType: hard

"typescript@patch:typescript@^3.8.3#builtin<compat/typescript>":
  version: 3.8.3
  resolution: "typescript@patch:typescript@npm%3A3.8.3#builtin<compat/typescript>::version=3.8.3&hash=8cac75"
  bin:
    tsc: bin/tsc
    tsserver: bin/tsserver
  checksum: 3/a32f5bfbaf77de05a6f7da10baea27c76281d969a73405336e5f53afb465539e2246fa5b83b9d4032046e6484a8f9c331d042dddb00fb74a8499d5a559d58682
  languageName: node
  linkType: hard

"unique-filename@npm:^1.1.1":
  version: 1.1.1
  resolution: "unique-filename@npm:1.1.1"
  dependencies:
    unique-slug: ^2.0.0
  checksum: 3/0e674206bdda0c949b4ef86b073ba614f11de6141310834a236860888e592826da988837a7277f91a943752a691c5ab7ab939a19e7c0a5d7fcf1b7265720bf86
  languageName: node
  linkType: hard

"unique-slug@npm:^2.0.0":
  version: 2.0.2
  resolution: "unique-slug@npm:2.0.2"
  dependencies:
    imurmurhash: ^0.1.4
  checksum: 3/3b17dabc13b3cc41897715e106d4403b88c225739e70bbb6d1142e0fb680261b20574cae133b0ac0eedcf514fc19766d6fa37411f9e9ee038daaa4ae83e7cd70
  languageName: node
  linkType: hard

"uri-js@npm:^4.2.2":
  version: 4.2.2
  resolution: "uri-js@npm:4.2.2"
  dependencies:
    punycode: ^2.1.0
  checksum: 3/651a49f55d6d65a15e589ed5ffa23bf99e495699e246c1c3fecbe6f232c675589fdae4e93a88608525ff130f39b6fb854c19982820813a2d94c005c11eafd7ed
  languageName: node
  linkType: hard

"util-deprecate@npm:~1.0.1":
  version: 1.0.2
  resolution: "util-deprecate@npm:1.0.2"
  checksum: 3/73c2b1cf0210ccac300645384d8443cabbd93194117b2dc1b3bae8d8279ad39aedac857e020c4ea505e96a1045059c7359db3df6a9df0be6b8584166c9d61dc9
  languageName: node
  linkType: hard

"watchpack@npm:2.0.0-beta.13":
  version: 2.0.0-beta.13
  resolution: "watchpack@npm:2.0.0-beta.13"
  dependencies:
    glob-to-regexp: ^0.4.1
    graceful-fs: ^4.1.2
  checksum: 3/404d5c3c08a35c32a7a6374477848b9ab8721d3e76a180f4a9075138c2c8b1c09ef0e7b7e6e0276bcb0848e1fc33f04e6ee787129d39cd5e86262a38acc5bfc2
  languageName: node
  linkType: hard

"webpack-sources@npm:2.0.0-beta.8":
  version: 2.0.0-beta.8
  resolution: "webpack-sources@npm:2.0.0-beta.8"
  dependencies:
    source-list-map: ^2.0.1
    source-map: ~0.6.1
  checksum: 3/acf94efb2efab065a63ff1384b749d83736ca38a748a2e7eab98a4b63b80c5cfa5c1f8bdb162934dd3e408e1957693045b3f35d631d4302a3f6723c922ff2f23
  languageName: node
  linkType: hard

"webpack-sources@npm:^1.4.3":
  version: 1.4.3
  resolution: "webpack-sources@npm:1.4.3"
  dependencies:
    source-list-map: ^2.0.0
    source-map: ~0.6.1
  checksum: 3/2a753b36adf0ddd4dadf6ff375824108a918d180c4ea5383b377526f543e6db0c1ecd40b4154bae8e94c4b209b7814d764879691a468fe230ef9eb32b27fdde4
  languageName: node
  linkType: hard

"webpack@npm:5.0.0-beta.15, webpack@npm:next":
  version: 5.0.0-beta.15
  resolution: "webpack@npm:5.0.0-beta.15"
  dependencies:
    "@webassemblyjs/ast": 1.9.0
    "@webassemblyjs/helper-module-context": 1.9.0
    "@webassemblyjs/wasm-edit": 1.9.0
    "@webassemblyjs/wasm-parser": 1.9.0
    acorn: ^7.0.0
    chrome-trace-event: ^1.0.2
    enhanced-resolve: 5.0.0-beta.4
    eslint-scope: ^5.0.0
    events: ^3.0.0
    glob-to-regexp: ^0.4.1
    graceful-fs: ^4.1.15
    json-parse-better-errors: ^1.0.2
    loader-runner: ^3.1.0
    loader-utils: ^1.2.3
    mime-types: ^2.1.26
    neo-async: ^2.6.1
    pkg-dir: ^4.2.0
    schema-utils: ^2.5.0
    tapable: 2.0.0-beta.9
    terser-webpack-plugin: ^2.3.1
    watchpack: 2.0.0-beta.13
    webpack-sources: 2.0.0-beta.8
  bin:
    webpack: bin/webpack.js
  checksum: 3/684b464664966047c8ec82f3b974eaa3aa265fb350abb615e85baa48edc45a772a95487d0925c42a7e6633c0a641f6a06d19d5abc2bce88b66267b0fcc773a6c
  languageName: node
  linkType: hard

"wrappy@npm:1":
  version: 1.0.2
  resolution: "wrappy@npm:1.0.2"
  checksum: 3/519fcda0fcdf0c16327be2de9d98646742307bc830277e8868529fcf7566f2b330a6453c233e0cdcb767d5838dd61a90984a02ecc983bcddebea5ad0833bbf98
  languageName: node
  linkType: hard

"yallist@npm:^3.0.2":
  version: 3.1.1
  resolution: "yallist@npm:3.1.1"
  checksum: 3/f352c93b92f601bb0399210bca37272e669c961e9bd886bac545380598765cbfdfb4f166e7b6c57ca4ec8a5af4ab3fa0fd78a47f9a7d655a3d580ff0fc9e7d79
  languageName: node
  linkType: hard

"yallist@npm:^4.0.0":
  version: 4.0.0
  resolution: "yallist@npm:4.0.0"
  checksum: 3/a2960ef879af6ee67a76cae29bac9d8bffeb6e9e366c217dbd21464e7fce071933705544724f47e90ba5209cf9c83c17d5582dd04415d86747a826b2a231efb8
  languageName: node
  linkType: hard
